
Microsoft Visual Studio Solution File, Format Version 12.00
# Visual Studio Version 16
VisualStudioVersion = 16.0.29519.181
MinimumVisualStudioVersion = 10.0.40219.1
Project("{FAE04EC0-301F-11D3-BF4B-00C04F79EFBC}") = "FixerI0.Library", "FixerI0.Library\FixerI0.Library.csproj", "{8FD819AB-88E1-41E0-A8C1-CBFF205A8F28}"
EndProject
Global
	GlobalSection(SolutionConfigurationPlatforms) = preSolution
		Debug|Any CPU = Debug|Any CPU
		Release|Any CPU = Release|Any CPU
	EndGlobalSection
	GlobalSection(ProjectConfigurationPlatforms) = postSolution
		{8FD819AB-88E1-41E0-A8C1-CBFF205A8F28}.Debug|Any CPU.ActiveCfg = Debug|Any CPU
		{8FD819AB-88E1-41E0-A8C1-CBFF205A8F28}.Debug|Any CPU.Build.0 = Debug|Any CPU
		{8FD819AB-88E1-41E0-A8C1-CBFF205A8F28}.Release|Any CPU.ActiveCfg = Release|Any CPU
		{8FD819AB-88E1-41E0-A8C1-CBFF205A8F28}.Release|Any CPU.Build.0 = Release|Any CPU
	EndGlobalSection
	GlobalSection(SolutionProperties) = preSolution
		HideSolutionNode = FALSE
	EndGlobalSection
	GlobalSection(ExtensibilityGlobals) = postSolution
		SolutionGuid = {875C34F8-F4ED-4F47-AAED-66B6EF775957}
	EndGlobalSection
EndGlobal
